PODS:
  - Pulley (2.3.1)
  - SDWebImage (4.3.3):
    - SDWebImage/Core (= 4.3.3)
  - SDWebImage/Core (4.3.3)

DEPENDENCIES:
  - Pulley
  - SDWebImage

SPEC CHECKSUMS:
  Pulley: 4cc7e74a6e438519e5d428ca311ff75dae747cae
  SDWebImage: de4d90b5bff3571eae7bd16202b1f43135409fa5

PODFILE CHECKSUM: e7b9fad2cd99b56eaa5a56e180feb12ad7b0d240

COCOAPODS: 1.3.1
